
Microsoft Visual Studio Solution File, Format Version 12.00
# Visual Studio Version 17
VisualStudioVersion = 17.10.35122.118
MinimumVisualStudioVersion = 10.0.40219.1
Project("{FAE04EC0-301F-11D3-BF4B-00C04F79EFBC}") = "NetOopSecondApp", "NetOopSecondApp\NetOopSecondApp.csproj", "{5D174137-1CF6-41CA-BB84-E0E7D78AF490}"
EndProject
Global
	GlobalSection(SolutionConfigurationPlatforms) = preSolution
		Debug|Any CPU = Debug|Any CPU
		Release|Any CPU = Release|Any CPU
	EndGlobalSection
	GlobalSection(ProjectConfigurationPlatforms) = postSolution
		{5D174137-1CF6-41CA-BB84-E0E7D78AF490}.Debug|Any CPU.ActiveCfg = Debug|Any CPU
		{5D174137-1CF6-41CA-BB84-E0E7D78AF490}.Debug|Any CPU.Build.0 = Debug|Any CPU
		{5D174137-1CF6-41CA-BB84-E0E7D78AF490}.Release|Any CPU.ActiveCfg = Release|Any CPU
		{5D174137-1CF6-41CA-BB84-E0E7D78AF490}.Release|Any CPU.Build.0 = Release|Any CPU
	EndGlobalSection
	GlobalSection(SolutionProperties) = preSolution
		HideSolutionNode = FALSE
	EndGlobalSection
	GlobalSection(ExtensibilityGlobals) = postSolution
		SolutionGuid = {156417B7-720D-4D8B-81DB-B561B9EFEC83}
	EndGlobalSection
EndGlobal
